
Microsoft Visual Studio Solution File, Format Version 12.00
# Visual Studio Version 16
VisualStudioVersion = 16.0.29709.97
MinimumVisualStudioVersion = 10.0.40219.1
Project("{FAE04EC0-301F-11D3-BF4B-00C04F79EFBC}") = "WebApiRest", "WebApiRest\WebApiRest.csproj", "{B46516D1-9915-4392-B709-B9C3C3433F9C}"
EndProject
Project("{FAE04EC0-301F-11D3-BF4B-00C04F79EFBC}") = "MVC", "MVC\MVC.csproj", "{BA1666E7-1E72-48ED-AB59-A17134EA2720}"
EndProject
Global
	GlobalSection(SolutionConfigurationPlatforms) = preSolution
		Debug|Any CPU = Debug|Any CPU
		Release|Any CPU = Release|Any CPU
	EndGlobalSection
	GlobalSection(ProjectConfigurationPlatforms) = postSolution
		{B46516D1-9915-4392-B709-B9C3C3433F9C}.Debug|Any CPU.ActiveCfg = Debug|Any CPU
		{B46516D1-9915-4392-B709-B9C3C3433F9C}.Debug|Any CPU.Build.0 = Debug|Any CPU
		{B46516D1-9915-4392-B709-B9C3C3433F9C}.Release|Any CPU.ActiveCfg = Release|Any CPU
		{B46516D1-9915-4392-B709-B9C3C3433F9C}.Release|Any CPU.Build.0 = Release|Any CPU
		{BA1666E7-1E72-48ED-AB59-A17134EA2720}.Debug|Any CPU.ActiveCfg = Debug|Any CPU
		{BA1666E7-1E72-48ED-AB59-A17134EA2720}.Debug|Any CPU.Build.0 = Debug|Any CPU
		{BA1666E7-1E72-48ED-AB59-A17134EA2720}.Release|Any CPU.ActiveCfg = Release|Any CPU
		{BA1666E7-1E72-48ED-AB59-A17134EA2720}.Release|Any CPU.Build.0 = Release|Any CPU
	EndGlobalSection
	GlobalSection(SolutionProperties) = preSolution
		HideSolutionNode = FALSE
	EndGlobalSection
	GlobalSection(ExtensibilityGlobals) = postSolution
		SolutionGuid = {131D716D-C9D7-4CBE-9443-EEDF413EBBF8}
	EndGlobalSection
EndGlobal
